<?xml version="1.0" encoding="utf-8"?>
<Project ToolsVersion="4.0" xmlns="http://schemas.microsoft.com/developer/msbuild/2003">
  <ItemGroup>
    <Filter Include="源文件">
      <UniqueIdentifier>{4FC737F1-C7A5-4376-A066-2A32D752A2FF}</UniqueIdentifier>
      <Extensions>cpp;c;cc;cxx;c++;cppm;ixx;def;odl;idl;hpj;bat;asm;asmx</Extensions>
    </Filter>
    <Filter Include="头文件">
      <UniqueIdentifier>{93995380-89BD-4b04-88EB-625FBE52EBFB}</UniqueIdentifier>
      <Extensions>h;hh;hpp;hxx;h++;hm;inl;inc;ipp;xsd</Extensions>
    </Filter>
    <Filter Include="资源文件">
      <UniqueIdentifier>{67DA6AB6-F800-4c08-8B7A-83BB121AAD01}</UniqueIdentifier>
      <Extensions>rc;ico;cur;bmp;dlg;rc2;rct;bin;rgs;gif;jpg;jpeg;jpe;resx;tiff;tif;png;wav;mfcribbon-ms</Extensions>
    </Filter>
  </ItemGroup>
  <ItemGroup>
    <ClCompile Include="main.cpp">
      <Filter>源文件</Filter>
    </ClCompile>
    <ClCompile Include="util.cpp">
      <Filter>源文件</Filter>
    </ClCompile>
    <ClCompile Include="ray\ray.cpp">
      <Filter>源文件</Filter>
    </ClCompile>
    <ClCompile Include="vec3\color.cpp">
      <Filter>源文件</Filter>
    </ClCompile>
    <ClCompile Include="vec3\vec3.cpp">
      <Filter>源文件</Filter>
    </ClCompile>
    <ClCompile Include="hit\hit.cpp">
      <Filter>源文件</Filter>
    </ClCompile>
    <ClCompile Include="hit\hittable_list.cpp">
      <Filter>源文件</Filter>
    </ClCompile>
    <ClCompile Include="hit\sphere.cpp">
      <Filter>源文件</Filter>
    </ClCompile>
    <ClCompile Include="ray\camera.cpp">
      <Filter>源文件</Filter>
    </ClCompile>
    <ClCompile Include="material\material.cpp">
      <Filter>源文件</Filter>
    </ClCompile>
    <ClCompile Include="material\lambertian.cpp">
      <Filter>源文件</Filter>
    </ClCompile>
    <ClCompile Include="material\metal.cpp">
      <Filter>源文件</Filter>
    </ClCompile>
    <ClCompile Include="material\dielectric.cpp">
      <Filter>源文件</Filter>
    </ClCompile>
    <ClCompile Include="hit\moving_sphere.cpp">
      <Filter>源文件</Filter>
    </ClCompile>
    <ClCompile Include="hit\aabb.cpp">
      <Filter>源文件</Filter>
    </ClCompile>
    <ClCompile Include="hit\bvh.cpp">
      <Filter>源文件</Filter>
    </ClCompile>
    <ClCompile Include="texture\texture.cpp">
      <Filter>源文件</Filter>
    </ClCompile>
    <ClCompile Include="texture\solid_color.cpp">
      <Filter>源文件</Filter>
    </ClCompile>
    <ClCompile Include="texture\checker_texture.cpp">
      <Filter>源文件</Filter>
    </ClCompile>
    <ClCompile Include="texture\perlin.cpp">
      <Filter>源文件</Filter>
    </ClCompile>
    <ClCompile Include="texture\noise_texture.cpp">
      <Filter>源文件</Filter>
    </ClCompile>
  </ItemGroup>
  <ItemGroup>
    <ClInclude Include="util.h">
      <Filter>头文件</Filter>
    </ClInclude>
    <ClInclude Include="ray\ray.h">
      <Filter>头文件</Filter>
    </ClInclude>
    <ClInclude Include="vec3\color.h">
      <Filter>头文件</Filter>
    </ClInclude>
    <ClInclude Include="vec3\vec3.h">
      <Filter>头文件</Filter>
    </ClInclude>
    <ClInclude Include="hit\hit.h">
      <Filter>头文件</Filter>
    </ClInclude>
    <ClInclude Include="hit\hittable_list.h">
      <Filter>头文件</Filter>
    </ClInclude>
    <ClInclude Include="hit\sphere.h">
      <Filter>头文件</Filter>
    </ClInclude>
    <ClInclude Include="ray\camera.h">
      <Filter>头文件</Filter>
    </ClInclude>
    <ClInclude Include="material\material.h">
      <Filter>头文件</Filter>
    </ClInclude>
    <ClInclude Include="material\lambertian.h">
      <Filter>头文件</Filter>
    </ClInclude>
    <ClInclude Include="material\metal.h">
      <Filter>头文件</Filter>
    </ClInclude>
    <ClInclude Include="material\dielectric.h">
      <Filter>头文件</Filter>
    </ClInclude>
    <ClInclude Include="hit\moving_sphere.h">
      <Filter>头文件</Filter>
    </ClInclude>
    <ClInclude Include="hit\aabb.h">
      <Filter>头文件</Filter>
    </ClInclude>
    <ClInclude Include="hit\bvh.h">
      <Filter>头文件</Filter>
    </ClInclude>
    <ClInclude Include="texture\texture.h">
      <Filter>头文件</Filter>
    </ClInclude>
    <ClInclude Include="texture\solid_color.h">
      <Filter>头文件</Filter>
    </ClInclude>
    <ClInclude Include="texture\checker_texture.h">
      <Filter>头文件</Filter>
    </ClInclude>
    <ClInclude Include="texture\perlin.h">
      <Filter>头文件</Filter>
    </ClInclude>
    <ClInclude Include="texture\noise_texture.h">
      <Filter>头文件</Filter>
    </ClInclude>
  </ItemGroup>
</Project>